
Microsoft Visual Studio Solution File, Format Version 12.00
Project("{FAE04EC0-301F-11D3-BF4B-00C04F79EFBC}") = "Event_Management_System", "Event_Management_System\Event_Management_System.csproj", "{69D19B57-3A9D-4D1E-9332-CF0FF85E48C7}"
EndProject
Project("{FAE04EC0-301F-11D3-BF4B-00C04F79EFBC}") = "Event_Management_System_GUI", "..\Event_Management_System_GUI\Event_Management_System_GUI.csproj", "{19902DAA-EE49-42CA-AD64-D6281293A2CD}"
EndProject
Global
	GlobalSection(SolutionConfigurationPlatforms) = preSolution
		Debug|Any CPU = Debug|Any CPU
		Release|Any CPU = Release|Any CPU
	EndGlobalSection
	GlobalSection(ProjectConfigurationPlatforms) = postSolution
		{69D19B57-3A9D-4D1E-9332-CF0FF85E48C7}.Debug|Any CPU.ActiveCfg = Debug|Any CPU
		{69D19B57-3A9D-4D1E-9332-CF0FF85E48C7}.Debug|Any CPU.Build.0 = Debug|Any CPU
		{69D19B57-3A9D-4D1E-9332-CF0FF85E48C7}.Release|Any CPU.ActiveCfg = Release|Any CPU
		{69D19B57-3A9D-4D1E-9332-CF0FF85E48C7}.Release|Any CPU.Build.0 = Release|Any CPU
		{19902DAA-EE49-42CA-AD64-D6281293A2CD}.Debug|Any CPU.ActiveCfg = Debug|Any CPU
		{19902DAA-EE49-42CA-AD64-D6281293A2CD}.Debug|Any CPU.Build.0 = Debug|Any CPU
		{19902DAA-EE49-42CA-AD64-D6281293A2CD}.Release|Any CPU.ActiveCfg = Release|Any CPU
		{19902DAA-EE49-42CA-AD64-D6281293A2CD}.Release|Any CPU.Build.0 = Release|Any CPU
	EndGlobalSection
EndGlobal
